schema: '2.0'
stages:
  prepare-dataset:
    cmd: python src/data/make_dataset.py
    deps:
    - path: data/raw/arcDataset
      md5: 6dcfb8f5fcb23f28a99b5954ec04317c.dir
      size: 852840944
      nfiles: 6047
    - path: src/data/make_dataset.py
      md5: 2a9d7e2a22506bf444ce19b5fca34c4f
      size: 1777
    outs:
    - path: data/processed/test
      md5: 287795169afae6cde60cc35da9d9efa9.dir
      size: 4795197
      nfiles: 40
    - path: data/processed/train
      md5: 4856b6d236f4f77e954b8786a4874517.dir
      size: 11978016
      nfiles: 100
    - path: data/processed/val
      md5: 8536ccf9a9084cd8e91384920743d281.dir
      size: 4047899
      nfiles: 37
>>>>>>> 16f82195252f859761092527651e1653b3a86784
  train:
    cmd: python src/models/train_model.py
    deps:
    - path: data/processed/train
      md5: 4856b6d236f4f77e954b8786a4874517.dir
      size: 11978016
      nfiles: 100
    - path: data/processed/val
      md5: 8536ccf9a9084cd8e91384920743d281.dir
      size: 4047899
      nfiles: 37
>>>>>>> 16f82195252f859761092527651e1653b3a86784
    - path: src/models/train_model.py
      md5: 10ed10d3037a0119cf7157e04a93e07a
      size: 1664
    outs:
    - path: models/saved-model/model.h5
      md5: 3b783adaa09be0601521a779eddf8b53
      size: 17702912
    - path: models/saved-model/model.json
      md5: 0f1418205682a023cfca7284ea080325
      size: 1098
  predict:
    cmd: python src/models/predict_model.py
    deps:
    - path: data/processed/test
      md5: 287795169afae6cde60cc35da9d9efa9.dir
      size: 4795197
      nfiles: 40
    - path: models/saved-model/model.h5
      md5: 3b783adaa09be0601521a779eddf8b53
      size: 17702912
    - path: models/saved-model/model.json
      md5: 0f1418205682a023cfca7284ea080325
      size: 1098
    - path: src/models/predict_model.py
      md5: 1da738efe4932da3957099255e69462b
      size: 1431
    outs:
<<<<<<< HEAD
    - path: src/models/predictions.txt
      md5: 5aa523471d05e104767ffd8d808f76c7
      size: 1066
=======
    - path: src/models/results.txt
      md5: 64f79984424e7ffa400af90411017a3d
      size: 1026
