schema: '2.0'
stages:
  prepare-dataset:
    cmd: python src/data/make_dataset.py
    deps:
    - path: data/processed/arcDatasetSplitted/test
      md5: 7b211f51231716e93ec3f69dd4846529.dir
      size: 49415676
      nfiles: 300
    - path: data/processed/arcDatasetSplitted/train
      md5: 4c68f2f4f9b888fd6bce30ccde071458.dir
      size: 324387029
      nfiles: 2082
    - path: src/data/make_dataset.py
      md5: 07cf5119b8d06e8763b77d1e866742cd
      size: 4538
    outs:
    - path: data/processed/train
      md5: fe5940ab55ab71c4b759ecdf81f36084.dir
      size: 203168194
      nfiles: 1426
    - path: data/processed/val
      md5: 0bd43cc9acbcf9a1551dc336abd7c50d.dir
      size: 93257030
      nfiles: 609
  train:
    cmd: ' '
